PODS:
  - Alamofire (4.9.1)
  - AlamofireImage (3.6.0):
    - Alamofire (~> 4.9)
  - CRRefresh (1.1.3)
  - SVProgressHUD (2.2.5)

DEPENDENCIES:
  - Alamofire (~> 4.9)
  - AlamofireImage
  - CRRefresh
  - SVProgressHUD (~> 2.2.5)

SPEC REPOS:
  trunk:
    - Alamofire
    - AlamofireImage
    - CRRefresh
    - SVProgressHUD

SPEC CHECKSUMS:
  Alamofire: 85e8a02c69d6020a0d734f6054870d7ecb75cf18
  AlamofireImage: be9963c6582d68b39e89191f64c82a7d7bf40fdd
  CRRefresh: 1415d4ae06837fa7bb064c44f2e102f3ef517044
  SVProgressHUD: 1428aafac632c1f86f62aa4243ec12008d7a51d6

PODFILE CHECKSUM: 35dba3555176a8c54d175ce8d280ebd17bddd3ba

COCOAPODS: 1.15.2
